
Microsoft Visual Studio Solution File, Format Version 12.00
# Visual Studio Version 17
VisualStudioVersion = 17.9.34723.18
MinimumVisualStudioVersion = 10.0.40219.1
Project("{FAE04EC0-301F-11D3-BF4B-00C04F79EFBC}") = "API", "API\API.csproj", "{9155D4B0-C7D6-463F-89EA-365D3E8D0A12}"
EndProject
Global
	GlobalSection(SolutionConfigurationPlatforms) = preSolution
		Debug|Any CPU = Debug|Any CPU
		Release|Any CPU = Release|Any CPU
	EndGlobalSection
	GlobalSection(ProjectConfigurationPlatforms) = postSolution
		{9155D4B0-C7D6-463F-89EA-365D3E8D0A12}.Debug|Any CPU.ActiveCfg = Debug|Any CPU
		{9155D4B0-C7D6-463F-89EA-365D3E8D0A12}.Debug|Any CPU.Build.0 = Debug|Any CPU
		{9155D4B0-C7D6-463F-89EA-365D3E8D0A12}.Release|Any CPU.ActiveCfg = Release|Any CPU
		{9155D4B0-C7D6-463F-89EA-365D3E8D0A12}.Release|Any CPU.Build.0 = Release|Any CPU
	EndGlobalSection
	GlobalSection(SolutionProperties) = preSolution
		HideSolutionNode = FALSE
	EndGlobalSection
	GlobalSection(ExtensibilityGlobals) = postSolution
		SolutionGuid = {7F0BFE45-9359-4E05-8F1B-49B2630D8F60}
	EndGlobalSection
EndGlobal
